
Microsoft Visual Studio Solution File, Format Version 12.00
# Visual Studio Version 17
VisualStudioVersion = 17.10.35013.160
MinimumVisualStudioVersion = 10.0.40219.1
Project("{9A19103F-16F7-4668-BE54-9A1E7A4F7556}") = "venerdi 28-06", "venerdi 28-06\venerdi 28-06.csproj", "{770094F4-4ED4-47FD-B394-889E7B86342E}"
EndProject
Global
	GlobalSection(SolutionConfigurationPlatforms) = preSolution
		Debug|Any CPU = Debug|Any CPU
		Release|Any CPU = Release|Any CPU
	EndGlobalSection
	GlobalSection(ProjectConfigurationPlatforms) = postSolution
		{770094F4-4ED4-47FD-B394-889E7B86342E}.Debug|Any CPU.ActiveCfg = Debug|Any CPU
		{770094F4-4ED4-47FD-B394-889E7B86342E}.Debug|Any CPU.Build.0 = Debug|Any CPU
		{770094F4-4ED4-47FD-B394-889E7B86342E}.Release|Any CPU.ActiveCfg = Release|Any CPU
		{770094F4-4ED4-47FD-B394-889E7B86342E}.Release|Any CPU.Build.0 = Release|Any CPU
	EndGlobalSection
	GlobalSection(SolutionProperties) = preSolution
		HideSolutionNode = FALSE
	EndGlobalSection
	GlobalSection(ExtensibilityGlobals) = postSolution
		SolutionGuid = {6FEA8D7F-C784-4BA0-BF1D-1017D3CEA601}
	EndGlobalSection
EndGlobal
